
Microsoft Visual Studio Solution File, Format Version 12.00
# Visual Studio 15
VisualStudioVersion = 15.0.28307.421
MinimumVisualStudioVersion = 10.0.40219.1
Project("{8BC9CEB8-8B4A-11D0-8D11-00A0C91BC942}") = "ConsoleUI", "ConsoleUI\ConsoleUI.vcxproj", "{7BADDE9B-6F18-4C33-822F-58E684AFF778}"
EndProject
Global
	GlobalSection(SolutionConfigurationPlatforms) = preSolution
		Debug|x64 = Debug|x64
		Debug|x86 = Debug|x86
		Release|x64 = Release|x64
		Release|x86 = Release|x86
	EndGlobalSection
	GlobalSection(ProjectConfigurationPlatforms) = postSolution
		{7BADDE9B-6F18-4C33-822F-58E684AFF778}.Debug|x64.ActiveCfg = Debug|x64
		{7BADDE9B-6F18-4C33-822F-58E684AFF778}.Debug|x64.Build.0 = Debug|x64
		{7BADDE9B-6F18-4C33-822F-58E684AFF778}.Debug|x86.ActiveCfg = Debug|Win32
		{7BADDE9B-6F18-4C33-822F-58E684AFF778}.Debug|x86.Build.0 = Debug|Win32
		{7BADDE9B-6F18-4C33-822F-58E684AFF778}.Release|x64.ActiveCfg = Release|x64
		{7BADDE9B-6F18-4C33-822F-58E684AFF778}.Release|x64.Build.0 = Release|x64
		{7BADDE9B-6F18-4C33-822F-58E684AFF778}.Release|x86.ActiveCfg = Release|Win32
		{7BADDE9B-6F18-4C33-822F-58E684AFF778}.Release|x86.Build.0 = Release|Win32
	EndGlobalSection
	GlobalSection(SolutionProperties) = preSolution
		HideSolutionNode = FALSE
	EndGlobalSection
	GlobalSection(ExtensibilityGlobals) = postSolution
		SolutionGuid = {C16B7EFE-CCD2-4603-AC29-FEDA809B94EC}
	EndGlobalSection
EndGlobal
